
Microsoft Visual Studio Solution File, Format Version 12.00
# Visual Studio Version 16
VisualStudioVersion = 16.0.30413.136
MinimumVisualStudioVersion = 10.0.40219.1
Project("{9A19103F-16F7-4668-BE54-9A1E7A4F7556}") = "Blazor.DataGrid", "Blazor Data Grid\Blazor.DataGrid.csproj", "{7F0E2D1C-8C17-44B6-B3FE-BAEF82D93753}"
EndProject
Global
	GlobalSection(SolutionConfigurationPlatforms) = preSolution
		Debug|Any CPU = Debug|Any CPU
		Release|Any CPU = Release|Any CPU
	EndGlobalSection
	GlobalSection(ProjectConfigurationPlatforms) = postSolution
		{7F0E2D1C-8C17-44B6-B3FE-BAEF82D93753}.Debug|Any CPU.ActiveCfg = Debug|Any CPU
		{7F0E2D1C-8C17-44B6-B3FE-BAEF82D93753}.Debug|Any CPU.Build.0 = Debug|Any CPU
		{7F0E2D1C-8C17-44B6-B3FE-BAEF82D93753}.Release|Any CPU.ActiveCfg = Release|Any CPU
		{7F0E2D1C-8C17-44B6-B3FE-BAEF82D93753}.Release|Any CPU.Build.0 = Release|Any CPU
	EndGlobalSection
	GlobalSection(SolutionProperties) = preSolution
		HideSolutionNode = FALSE
	EndGlobalSection
	GlobalSection(ExtensibilityGlobals) = postSolution
		SolutionGuid = {FB11B89D-EA89-464F-A842-7A801D2AEEF2}
	EndGlobalSection
EndGlobal
